// !$*UTF8*$!
{
	archiveVersion = 1;
	classes = {
	};
	objectVersion = 48;
	objects = {

/* Begin PBXBuildFile section */
		47BBB83923D17AC96DB1F628 /* Pods_ConvertAllTests.framework in Frameworks */ = {isa = PBXBuildFile; fileRef = CE888753A4FD4BF8B059C27B /* Pods_ConvertAllTests.framework */; };
		6E3EBB32E0EB70ADD799F724 /* Pods_ConvertAll.framework in Frameworks */ = {isa = PBXBuildFile; fileRef = E9DF46784A77B646E477FF13 /* Pods_ConvertAll.framework */; };
		F56B9C881F5B4A7E0012F306 /* ContainerViewController.swift in Sources */ = {isa = PBXBuildFile; fileRef = F56B9C871F5B4A7E0012F306 /* ContainerViewController.swift */; };
		F5BAE35C1F5B3FDF00D6AC8F /* MeasurementSelectionViewController.swift in Sources */ = {isa = PBXBuildFile; fileRef = F5BAE35B1F5B3FDF00D6AC8F /* MeasurementSelectionViewController.swift */; };
		F5F5C95E1F5A7EF900BCC247 /* AppDelegate.swift in Sources */ = {isa = PBXBuildFile; fileRef = F5F5C95D1F5A7EF900BCC247 /* AppDelegate.swift */; };
		F5F5C9601F5A7EF900BCC247 /* ConverterViewController.swift in Sources */ = {isa = PBXBuildFile; fileRef = F5F5C95F1F5A7EF900BCC247 /* ConverterViewController.swift */; };
		F5F5C9631F5A7EF900BCC247 /* Main.storyboard in Resources */ = {isa = PBXBuildFile; fileRef = F5F5C9611F5A7EF900BCC247 /* Main.storyboard */; };
		F5F5C9651F5A7EF900BCC247 /* Assets.xcassets in Resources */ = {isa = PBXBuildFile; fileRef = F5F5C9641F5A7EF900BCC247 /* Assets.xcassets */; };
		F5F5C9681F5A7EF900BCC247 /* LaunchScreen.storyboard in Resources */ = {isa = PBXBuildFile; fileRef = F5F5C9661F5A7EF900BCC247 /* LaunchScreen.storyboard */; };
		F5F5C9731F5A7EF900BCC247 /* ConvertAllTests.swift in Sources */ = {isa = PBXBuildFile; fileRef = F5F5C9721F5A7EF900BCC247 /* ConvertAllTests.swift */; };
/* End PBXBuildFile section */

/* Begin PBXContainerItemProxy section */
		F5F5C96F1F5A7EF900BCC247 /* PBXContainerItemProxy */ = {
			isa = PBXContainerItemProxy;
			containerPortal = F5F5C9521F5A7EF800BCC247 /* Project object */;
			proxyType = 1;
			remoteGlobalIDString = F5F5C9591F5A7EF900BCC247;
			remoteInfo = ConvertAll;
		};
/* End PBXContainerItemProxy section */

/* Begin PBXFileReference section */
		58A8E54D91384C19D06D3302 /* Pods-ConvertAll.release.xcconfig */ = {isa = PBXFileReference; includeInIndex = 1; lastKnownFileType = text.xcconfig; name = "Pods-ConvertAll.release.xcconfig"; path = "Pods/Target Support Files/Pods-ConvertAll/Pods-ConvertAll.release.xcconfig"; sourceTree = "<group>"; };
		6E382D1A9517F57A0561683E /* Pods-ConvertAllTests.release.xcconfig */ = {isa = PBXFileReference; includeInIndex = 1; lastKnownFileType = text.xcconfig; name = "Pods-ConvertAllTests.release.xcconfig"; path = "Pods/Target Support Files/Pods-ConvertAllTests/Pods-ConvertAllTests.release.xcconfig"; sourceTree = "<group>"; };
		C8F65D3B7BC1A65B47501D32 /* Pods-ConvertAll.debug.xcconfig */ = {isa = PBXFileReference; includeInIndex = 1; lastKnownFileType = text.xcconfig; name = "Pods-ConvertAll.debug.xcconfig"; path = "Pods/Target Support Files/Pods-ConvertAll/Pods-ConvertAll.debug.xcconfig"; sourceTree = "<group>"; };
		CE888753A4FD4BF8B059C27B /* Pods_ConvertAllTests.framework */ = {isa = PBXFileReference; explicitFileType = wrapper.framework; includeInIndex = 0; path = Pods_ConvertAllTests.framework; sourceTree = BUILT_PRODUCTS_DIR; };
		D9DD8AA1E37660023C7703CC /* Pods-ConvertAllTests.debug.xcconfig */ = {isa = PBXFileReference; includeInIndex = 1; lastKnownFileType = text.xcconfig; name = "Pods-ConvertAllTests.debug.xcconfig"; path = "Pods/Target Support Files/Pods-ConvertAllTests/Pods-ConvertAllTests.debug.xcconfig"; sourceTree = "<group>"; };
		E9DF46784A77B646E477FF13 /* Pods_ConvertAll.framework */ = {isa = PBXFileReference; explicitFileType = wrapper.framework; includeInIndex = 0; path = Pods_ConvertAll.framework; sourceTree = BUILT_PRODUCTS_DIR; };
		F56B9C871F5B4A7E0012F306 /* ContainerViewController.swift */ = {isa = PBXFileReference; lastKnownFileType = sourcecode.swift; path = ContainerViewController.swift; sourceTree = "<group>"; };
		F5BAE35B1F5B3FDF00D6AC8F /* MeasurementSelectionViewController.swift */ = {isa = PBXFileReference; lastKnownFileType = sourcecode.swift; path = MeasurementSelectionViewController.swift; sourceTree = "<group>"; };
		F5F5C95A1F5A7EF900BCC247 /* ConvertAll.app */ = {isa = PBXFileReference; explicitFileType = wrapper.application; includeInIndex = 0; path = ConvertAll.app; sourceTree = BUILT_PRODUCTS_DIR; };
		F5F5C95D1F5A7EF900BCC247 /* AppDelegate.swift */ = {isa = PBXFileReference; lastKnownFileType = sourcecode.swift; path = AppDelegate.swift; sourceTree = "<group>"; };
		F5F5C95F1F5A7EF900BCC247 /* ConverterViewController.swift */ = {isa = PBXFileReference; lastKnownFileType = sourcecode.swift; path = ConverterViewController.swift; sourceTree = "<group>"; };
		F5F5C9621F5A7EF900BCC247 /* Base */ = {isa = PBXFileReference; lastKnownFileType = file.storyboard; name = Base; path = Base.lproj/Main.storyboard; sourceTree = "<group>"; };
		F5F5C9641F5A7EF900BCC247 /* Assets.xcassets */ = {isa = PBXFileReference; lastKnownFileType = folder.assetcatalog; path = Assets.xcassets; sourceTree = "<group>"; };
		F5F5C9671F5A7EF900BCC247 /* Base */ = {isa = PBXFileReference; lastKnownFileType = file.storyboard; name = Base; path = Base.lproj/LaunchScreen.storyboard; sourceTree = "<group>"; };
		F5F5C9691F5A7EF900BCC247 /* Info.plist */ = {isa = PBXFileReference; lastKnownFileType = text.plist.xml; path = Info.plist; sourceTree = "<group>"; };
		F5F5C96E1F5A7EF900BCC247 /* ConvertAllTests.xctest */ = {isa = PBXFileReference; explicitFileType = wrapper.cfbundle; includeInIndex = 0; path = ConvertAllTests.xctest; sourceTree = BUILT_PRODUCTS_DIR; };
		F5F5C9721F5A7EF900BCC247 /* ConvertAllTests.swift */ = {isa = PBXFileReference; lastKnownFileType = sourcecode.swift; path = ConvertAllTests.swift; sourceTree = "<group>"; };
		F5F5C9741F5A7EF900BCC247 /* Info.plist */ = {isa = PBXFileReference; lastKnownFileType = text.plist.xml; path = Info.plist; sourceTree = "<group>"; };
/* End PBXFileReference section */

/* Begin PBXFrameworksBuildPhase section */
		F5F5C9571F5A7EF900BCC247 /* Frameworks */ = {
			isa = PBXFrameworksBuildPhase;
			buildActionMask = 2147483647;
			files = (
				6E3EBB32E0EB70ADD799F724 /* Pods_ConvertAll.framework in Frameworks */,
			);
			runOnlyForDeploymentPostprocessing = 0;
		};
		F5F5C96B1F5A7EF900BCC247 /* Frameworks */ = {
			isa = PBXFrameworksBuildPhase;
			buildActionMask = 2147483647;
			files = (
				47BBB83923D17AC96DB1F628 /* Pods_ConvertAllTests.framework in Frameworks */,
			);
			runOnlyForDeploymentPostprocessing = 0;
		};
/* End PBXFrameworksBuildPhase section */

/* Begin PBXGroup section */
		28E8B0EE7C901431728018AD /* Pods */ = {
			isa = PBXGroup;
			children = (
				C8F65D3B7BC1A65B47501D32 /* Pods-ConvertAll.debug.xcconfig */,
				58A8E54D91384C19D06D3302 /* Pods-ConvertAll.release.xcconfig */,
				D9DD8AA1E37660023C7703CC /* Pods-ConvertAllTests.debug.xcconfig */,
				6E382D1A9517F57A0561683E /* Pods-ConvertAllTests.release.xcconfig */,
			);
			name = Pods;
			sourceTree = "<group>";
		};
		8F1BE662A8C4845E3BAC6877 /* Frameworks */ = {
			isa = PBXGroup;
			children = (
				E9DF46784A77B646E477FF13 /* Pods_ConvertAll.framework */,
				CE888753A4FD4BF8B059C27B /* Pods_ConvertAllTests.framework */,
			);
			name = Frameworks;
			sourceTree = "<group>";
		};
		F5BAE3551F5B208300D6AC8F /* Supporting Files */ = {
			isa = PBXGroup;
			children = (
				F5F5C9641F5A7EF900BCC247 /* Assets.xcassets */,
				F5F5C95D1F5A7EF900BCC247 /* AppDelegate.swift */,
				F5F5C9691F5A7EF900BCC247 /* Info.plist */,
			);
			path = "Supporting Files";
			sourceTree = "<group>";
		};
		F5BAE3561F5B209800D6AC8F /* View */ = {
			isa = PBXGroup;
			children = (
				F5F5C9611F5A7EF900BCC247 /* Main.storyboard */,
				F5F5C9661F5A7EF900BCC247 /* LaunchScreen.storyboard */,
			);
			path = View;
			sourceTree = "<group>";
		};
		F5BAE3571F5B228800D6AC8F /* Controller */ = {
			isa = PBXGroup;
			children = (
				F5F5C95F1F5A7EF900BCC247 /* ConverterViewController.swift */,
				F5BAE35B1F5B3FDF00D6AC8F /* MeasurementSelectionViewController.swift */,
				F56B9C871F5B4A7E0012F306 /* ContainerViewController.swift */,
			);
			path = Controller;
			sourceTree = "<group>";
		};
		F5F5C9511F5A7EF800BCC247 = {
			isa = PBXGroup;
			children = (
				F5F5C95C1F5A7EF900BCC247 /* ConvertAll */,
				F5F5C9711F5A7EF900BCC247 /* ConvertAllTests */,
				F5F5C95B1F5A7EF900BCC247 /* Products */,
				28E8B0EE7C901431728018AD /* Pods */,
				8F1BE662A8C4845E3BAC6877 /* Frameworks */,
			);
			sourceTree = "<group>";
		};
		F5F5C95B1F5A7EF900BCC247 /* Products */ = {
			isa = PBXGroup;
			children = (
				F5F5C95A1F5A7EF900BCC247 /* ConvertAll.app */,
				F5F5C96E1F5A7EF900BCC247 /* ConvertAllTests.xctest */,
			);
			name = Products;
			sourceTree = "<group>";
		};
		F5F5C95C1F5A7EF900BCC247 /* ConvertAll */ = {
			isa = PBXGroup;
			children = (
				F5BAE3551F5B208300D6AC8F /* Supporting Files */,
				F5BAE3571F5B228800D6AC8F /* Controller */,
				F5BAE3561F5B209800D6AC8F /* View */,
			);
			path = ConvertAll;
			sourceTree = "<group>";
		};
		F5F5C9711F5A7EF900BCC247 /* ConvertAllTests */ = {
			isa = PBXGroup;
			children = (
				F5F5C9721F5A7EF900BCC247 /* ConvertAllTests.swift */,
				F5F5C9741F5A7EF900BCC247 /* Info.plist */,
			);
			path = ConvertAllTests;
			sourceTree = "<group>";
		};
/* End PBXGroup section */

/* Begin PBXNativeTarget section */
		F5F5C9591F5A7EF900BCC247 /* ConvertAll */ = {
			isa = PBXNativeTarget;
			buildConfigurationList = F5F5C9771F5A7EF900BCC247 /* Build configuration list for PBXNativeTarget "ConvertAll" */;
			buildPhases = (
				F2B33CF20DAC8B288DCA03F1 /* [CP] Check Pods Manifest.lock */,
				F5F5C9561F5A7EF900BCC247 /* Sources */,
				F5F5C9571F5A7EF900BCC247 /* Frameworks */,
				F5F5C9581F5A7EF900BCC247 /* Resources */,
				319677D3E3667587D67A49B9 /* [CP] Embed Pods Frameworks */,
				80C4DA5B285ECDF922F6103E /* [CP] Copy Pods Resources */,
			);
			buildRules = (
			);
			dependencies = (
			);
			name = ConvertAll;
			productName = ConvertAll;
			productReference = F5F5C95A1F5A7EF900BCC247 /* ConvertAll.app */;
			productType = "com.apple.product-type.application";
		};
		F5F5C96D1F5A7EF900BCC247 /* ConvertAllTests */ = {
			isa = PBXNativeTarget;
			buildConfigurationList = F5F5C97A1F5A7EF900BCC247 /* Build configuration list for PBXNativeTarget "ConvertAllTests" */;
			buildPhases = (
				3ACBA3606828717B51D4769C /* [CP] Check Pods Manifest.lock */,
				F5F5C96A1F5A7EF900BCC247 /* Sources */,
				F5F5C96B1F5A7EF900BCC247 /* Frameworks */,
				F5F5C96C1F5A7EF900BCC247 /* Resources */,
				34C8F4A62688A80171E91C81 /* [CP] Embed Pods Frameworks */,
				4CA7E7B46E2FACDA3E13AA07 /* [CP] Copy Pods Resources */,
			);
			buildRules = (
			);
			dependencies = (
				F5F5C9701F5A7EF900BCC247 /* PBXTargetDependency */,
			);
			name = ConvertAllTests;
			productName = ConvertAllTests;
			productReference = F5F5C96E1F5A7EF900BCC247 /* ConvertAllTests.xctest */;
			productType = "com.apple.product-type.bundle.unit-test";
		};
/* End PBXNativeTarget section */

/* Begin PBXProject section */
		F5F5C9521F5A7EF800BCC247 /* Project object */ = {
			isa = PBXProject;
			attributes = {
				LastSwiftUpdateCheck = 0900;
				LastUpgradeCheck = 0900;
				ORGANIZATIONNAME = "Mohammad Irteza Khan";
				TargetAttributes = {
					F5F5C9591F5A7EF900BCC247 = {
						CreatedOnToolsVersion = 9.0;
					};
					F5F5C96D1F5A7EF900BCC247 = {
						CreatedOnToolsVersion = 9.0;
						TestTargetID = F5F5C9591F5A7EF900BCC247;
					};
				};
			};
			buildConfigurationList = F5F5C9551F5A7EF800BCC247 /* Build configuration list for PBXProject "ConvertAll" */;
			compatibilityVersion = "Xcode 8.0";
			developmentRegion = en;
			hasScannedForEncodings = 0;
			knownRegions = (
				en,
				Base,
			);
			mainGroup = F5F5C9511F5A7EF800BCC247;
			productRefGroup = F5F5C95B1F5A7EF900BCC247 /* Products */;
			projectDirPath = "";
			projectRoot = "";
			targets = (
				F5F5C9591F5A7EF900BCC247 /* ConvertAll */,
				F5F5C96D1F5A7EF900BCC247 /* ConvertAllTests */,
			);
		};
/* End PBXProject section */

/* Begin PBXResourcesBuildPhase section */
		F5F5C9581F5A7EF900BCC247 /* Resources */ = {
			isa = PBXResourcesBuildPhase;
			buildActionMask = 2147483647;
			files = (
				F5F5C9681F5A7EF900BCC247 /* LaunchScreen.storyboard in Resources */,
				F5F5C9651F5A7EF900BCC247 /* Assets.xcassets in Resources */,
				F5F5C9631F5A7EF900BCC247 /* Main.storyboard in Resources */,
			);
			runOnlyForDeploymentPostprocessing = 0;
		};
		F5F5C96C1F5A7EF900BCC247 /* Resources */ = {
			isa = PBXResourcesBuildPhase;
			buildActionMask = 2147483647;
			files = (
			);
			runOnlyForDeploymentPostprocessing = 0;
		};
/* End PBXResourcesBuildPhase section */

/* Begin PBXShellScriptBuildPhase section */
		319677D3E3667587D67A49B9 /* [CP] Embed Pods Frameworks */ = {
			isa = PBXShellScriptBuildPhase;
			buildActionMask = 2147483647;
			files = (
			);
			inputPaths = (
			);
			name = "[CP] Embed Pods Frameworks";
			outputPaths = (
			);
			runOnlyForDeploymentPostprocessing = 0;
			shellPath = /bin/sh;
			shellScript = "\"${SRCROOT}/Pods/Target Support Files/Pods-ConvertAll/Pods-ConvertAll-frameworks.sh\"\n";
			showEnvVarsInLog = 0;
		};
		34C8F4A62688A80171E91C81 /* [CP] Embed Pods Frameworks */ = {
			isa = PBXShellScriptBuildPhase;
			buildActionMask = 2147483647;
			files = (
			);
			inputPaths = (
			);
			name = "[CP] Embed Pods Frameworks";
			outputPaths = (
			);
			runOnlyForDeploymentPostprocessing = 0;
			shellPath = /bin/sh;
			shellScript = "\"${SRCROOT}/Pods/Target Support Files/Pods-ConvertAllTests/Pods-ConvertAllTests-frameworks.sh\"\n";
			showEnvVarsInLog = 0;
		};
		3ACBA3606828717B51D4769C /* [CP] Check Pods Manifest.lock */ = {
			isa = PBXShellScriptBuildPhase;
			buildActionMask = 2147483647;
			files = (
			);
			inputPaths = (
			);
			name = "[CP] Check Pods Manifest.lock";
			outputPaths = (
			);
			runOnlyForDeploymentPostprocessing = 0;
			shellPath = /bin/sh;
			shellScript = "diff \"${PODS_PODFILE_DIR_PATH}/Podfile.lock\" \"${PODS_ROOT}/Manifest.lock\" > /dev/null\nif [ $? != 0 ] ; then\n    # print error to STDERR\n    echo \"error: The sandbox is not in sync with the Podfile.lock. Run 'pod install' or update your CocoaPods installation.\" >&2\n    exit 1\nfi\n";
			showEnvVarsInLog = 0;
		};
		4CA7E7B46E2FACDA3E13AA07 /* [CP] Copy Pods Resources */ = {
			isa = PBXShellScriptBuildPhase;
			buildActionMask = 2147483647;
			files = (
			);
			inputPaths = (
			);
			name = "[CP] Copy Pods Resources";
			outputPaths = (
			);
			runOnlyForDeploymentPostprocessing = 0;
			shellPath = /bin/sh;
			shellScript = "\"${SRCROOT}/Pods/Target Support Files/Pods-ConvertAllTests/Pods-ConvertAllTests-resources.sh\"\n";
			showEnvVarsInLog = 0;
		};
		80C4DA5B285ECDF922F6103E /* [CP] Copy Pods Resources */ = {
			isa = PBXShellScriptBuildPhase;
			buildActionMask = 2147483647;
			files = (
			);
			inputPaths = (
			);
			name = "[CP] Copy Pods Resources";
			outputPaths = (
			);
			runOnlyForDeploymentPostprocessing = 0;
			shellPath = /bin/sh;
			shellScript = "\"${SRCROOT}/Pods/Target Support Files/Pods-ConvertAll/Pods-ConvertAll-resources.sh\"\n";
			showEnvVarsInLog = 0;
		};
		F2B33CF20DAC8B288DCA03F1 /* [CP] Check Pods Manifest.lock */ = {
			isa = PBXShellScriptBuildPhase;
			buildActionMask = 2147483647;
			files = (
			);
			inputPaths = (
			);
			name = "[CP] Check Pods Manifest.lock";
			outputPaths = (
			);
			runOnlyForDeploymentPostprocessing = 0;
			shellPath = /bin/sh;
			shellScript = "diff \"${PODS_PODFILE_DIR_PATH}/Podfile.lock\" \"${PODS_ROOT}/Manifest.lock\" > /dev/null\nif [ $? != 0 ] ; then\n    # print error to STDERR\n    echo \"error: The sandbox is not in sync with the Podfile.lock. Run 'pod install' or update your CocoaPods installation.\" >&2\n    exit 1\nfi\n";
			showEnvVarsInLog = 0;
		};
/* End PBXShellScriptBuildPhase section */

/* Begin PBXSourcesBuildPhase section */
		F5F5C9561F5A7EF900BCC247 /* Sources */ = {
			isa = PBXSourcesBuildPhase;
			buildActionMask = 2147483647;
			files = (
				F5F5C9601F5A7EF900BCC247 /* ConverterViewController.swift in Sources */,
				F5BAE35C1F5B3FDF00D6AC8F /* MeasurementSelectionViewController.swift in Sources */,
				F56B9C881F5B4A7E0012F306 /* ContainerViewController.swift in Sources */,
				F5F5C95E1F5A7EF900BCC247 /* AppDelegate.swift in Sources */,
			);
			runOnlyForDeploymentPostprocessing = 0;
		};
		F5F5C96A1F5A7EF900BCC247 /* Sources */ = {
			isa = PBXSourcesBuildPhase;
			buildActionMask = 2147483647;
			files = (
				F5F5C9731F5A7EF900BCC247 /* ConvertAllTests.swift in Sources */,
			);
			runOnlyForDeploymentPostprocessing = 0;
		};
/* End PBXSourcesBuildPhase section */

/* Begin PBXTargetDependency section */
		F5F5C9701F5A7EF900BCC247 /* PBXTargetDependency */ = {
			isa = PBXTargetDependency;
			target = F5F5C9591F5A7EF900BCC247 /* ConvertAll */;
			targetProxy = F5F5C96F1F5A7EF900BCC247 /* PBXContainerItemProxy */;
		};
/* End PBXTargetDependency section */

/* Begin PBXVariantGroup section */
		F5F5C9611F5A7EF900BCC247 /* Main.storyboard */ = {
			isa = PBXVariantGroup;
			children = (
				F5F5C9621F5A7EF900BCC247 /* Base */,
			);
			name = Main.storyboard;
			path = ..;
			sourceTree = "<group>";
		};
		F5F5C9661F5A7EF900BCC247 /* LaunchScreen.storyboard */ = {
			isa = PBXVariantGroup;
			children = (
				F5F5C9671F5A7EF900BCC247 /* Base */,
			);
			name = LaunchScreen.storyboard;
			path = ..;
			sourceTree = "<group>";
		};
/* End PBXVariantGroup section */

/* Begin XCBuildConfiguration section */
		F5F5C9751F5A7EF900BCC247 /* Debug */ = {
			isa = XCBuildConfiguration;
			buildSettings = {
				ALWAYS_SEARCH_USER_PATHS = NO;
				CLANG_ANALYZER_NONNULL = YES;
				CLANG_ANALYZER_NUMBER_OBJECT_CONVERSION = YES_AGGRESSIVE;
				CLANG_CXX_LANGUAGE_STANDARD = "gnu++14";
				CLANG_CXX_LIBRARY = "libc++";
				CLANG_ENABLE_MODULES = YES;
				CLANG_ENABLE_OBJC_ARC = YES;
				CLANG_WARN_BLOCK_CAPTURE_AUTORELEASING = YES;
				CLANG_WARN_BOOL_CONVERSION = YES;
				CLANG_WARN_COMMA = YES;
				CLANG_WARN_CONSTANT_CONVERSION = YES;
				CLANG_WARN_DIRECT_OBJC_ISA_USAGE = YES_ERROR;
				CLANG_WARN_DOCUMENTATION_COMMENTS = YES;
				CLANG_WARN_EMPTY_BODY = YES;
				CLANG_WARN_ENUM_CONVERSION = YES;
				CLANG_WARN_INFINITE_RECURSION = YES;
				CLANG_WARN_INT_CONVERSION = YES;
				CLANG_WARN_NON_LITERAL_NULL_CONVERSION = YES;
				CLANG_WARN_OBJC_LITERAL_CONVERSION = YES;
				CLANG_WARN_OBJC_ROOT_CLASS = YES_ERROR;
				CLANG_WARN_RANGE_LOOP_ANALYSIS = YES;
				CLANG_WARN_STRICT_PROTOTYPES = YES;
				CLANG_WARN_SUSPICIOUS_MOVE = YES;
				CLANG_WARN_UNGUARDED_AVAILABILITY = YES_AGGRESSIVE;
				CLANG_WARN_UNREACHABLE_CODE = YES;
				CLANG_WARN__DUPLICATE_METHOD_MATCH = YES;
				CODE_SIGN_IDENTITY = "iPhone Developer";
				COPY_PHASE_STRIP = NO;
				DEBUG_INFORMATION_FORMAT = dwarf;
				ENABLE_STRICT_OBJC_MSGSEND = YES;
				ENABLE_TESTABILITY = YES;
				GCC_C_LANGUAGE_STANDARD = gnu11;
				GCC_DYNAMIC_NO_PIC = NO;
				GCC_NO_COMMON_BLOCKS = YES;
				GCC_OPTIMIZATION_LEVEL = 0;
				GCC_PREPROCESSOR_DEFINITIONS = (
					"DEBUG=1",
					"$(inherited)",
				);
				GCC_WARN_64_TO_32_BIT_CONVERSION = YES;
				GCC_WARN_ABOUT_RETURN_TYPE = YES_ERROR;
				GCC_WARN_UNDECLARED_SELECTOR = YES;
				GCC_WARN_UNINITIALIZED_AUTOS = YES_AGGRESSIVE;
				GCC_WARN_UNUSED_FUNCTION = YES;
				GCC_WARN_UNUSED_VARIABLE = YES;
				IPHONEOS_DEPLOYMENT_TARGET = 11.0;
				MTL_ENABLE_DEBUG_INFO = YES;
				ONLY_ACTIVE_ARCH = YES;
				SDKROOT = iphoneos;
				SWIFT_ACTIVE_COMPILATION_CONDITIONS = DEBUG;
				SWIFT_OPTIMIZATION_LEVEL = "-Onone";
			};
			name = Debug;
		};
		F5F5C9761F5A7EF900BCC247 /* Release */ = {
			isa = XCBuildConfiguration;
			buildSettings = {
				ALWAYS_SEARCH_USER_PATHS = NO;
				CLANG_ANALYZER_NONNULL = YES;
				CLANG_ANALYZER_NUMBER_OBJECT_CONVERSION = YES_AGGRESSIVE;
				CLANG_CXX_LANGUAGE_STANDARD = "gnu++14";
				CLANG_CXX_LIBRARY = "libc++";
				CLANG_ENABLE_MODULES = YES;
				CLANG_ENABLE_OBJC_ARC = YES;
				CLANG_WARN_BLOCK_CAPTURE_AUTORELEASING = YES;
				CLANG_WARN_BOOL_CONVERSION = YES;
				CLANG_WARN_COMMA = YES;
				CLANG_WARN_CONSTANT_CONVERSION = YES;
				CLANG_WARN_DIRECT_OBJC_ISA_USAGE = YES_ERROR;
				CLANG_WARN_DOCUMENTATION_COMMENTS = YES;
				CLANG_WARN_EMPTY_BODY = YES;
				CLANG_WARN_ENUM_CONVERSION = YES;
				CLANG_WARN_INFINITE_RECURSION = YES;
				CLANG_WARN_INT_CONVERSION = YES;
				CLANG_WARN_NON_LITERAL_NULL_CONVERSION = YES;
				CLANG_WARN_OBJC_LITERAL_CONVERSION = YES;
				CLANG_WARN_OBJC_ROOT_CLASS = YES_ERROR;
				CLANG_WARN_RANGE_LOOP_ANALYSIS = YES;
				CLANG_WARN_STRICT_PROTOTYPES = YES;
				CLANG_WARN_SUSPICIOUS_MOVE = YES;
				CLANG_WARN_UNGUARDED_AVAILABILITY = YES_AGGRESSIVE;
				CLANG_WARN_UNREACHABLE_CODE = YES;
				CLANG_WARN__DUPLICATE_METHOD_MATCH = YES;
				CODE_SIGN_IDENTITY = "iPhone Developer";
				COPY_PHASE_STRIP = NO;
				DEBUG_INFORMATION_FORMAT = "dwarf-with-dsym";
				ENABLE_NS_ASSERTIONS = NO;
				ENABLE_STRICT_OBJC_MSGSEND = YES;
				GCC_C_LANGUAGE_STANDARD = gnu11;
				GCC_NO_COMMON_BLOCKS = YES;
				GCC_WARN_64_TO_32_BIT_CONVERSION = YES;
				GCC_WARN_ABOUT_RETURN_TYPE = YES_ERROR;
				GCC_WARN_UNDECLARED_SELECTOR = YES;
				GCC_WARN_UNINITIALIZED_AUTOS = YES_AGGRESSIVE;
				GCC_WARN_UNUSED_FUNCTION = YES;
				GCC_WARN_UNUSED_VARIABLE = YES;
				IPHONEOS_DEPLOYMENT_TARGET = 11.0;
				MTL_ENABLE_DEBUG_INFO = NO;
				SDKROOT = iphoneos;
				SWIFT_OPTIMIZATION_LEVEL = "-Owholemodule";
				VALIDATE_PRODUCT = YES;
			};
			name = Release;
		};
		F5F5C9781F5A7EF900BCC247 /* Debug */ = {
			isa = XCBuildConfiguration;
			baseConfigurationReference = C8F65D3B7BC1A65B47501D32 /* Pods-ConvertAll.debug.xcconfig */;
			buildSettings = {
				ASSETCATALOG_COMPILER_APPICON_NAME = AppIcon;
				INFOPLIST_FILE = "$(SRCROOT)/ConvertAll/Supporting Files/Info.plist";
				LD_RUNPATH_SEARCH_PATHS = "$(inherited) @executable_path/Frameworks";
				PRODUCT_BUNDLE_IDENTIFIER = com.irteza.ConvertAll;
				PRODUCT_NAME = "$(TARGET_NAME)";
				SWIFT_VERSION = 4.0;
				TARGETED_DEVICE_FAMILY = "1,2";
			};
			name = Debug;
		};
		F5F5C9791F5A7EF900BCC247 /* Release */ = {
			isa = XCBuildConfiguration;
			baseConfigurationReference = 58A8E54D91384C19D06D3302 /* Pods-ConvertAll.release.xcconfig */;
			buildSettings = {
				ASSETCATALOG_COMPILER_APPICON_NAME = AppIcon;
				INFOPLIST_FILE = "$(SRCROOT)/ConvertAll/Supporting Files/Info.plist";
				LD_RUNPATH_SEARCH_PATHS = "$(inherited) @executable_path/Frameworks";
				PRODUCT_BUNDLE_IDENTIFIER = com.irteza.ConvertAll;
				PRODUCT_NAME = "$(TARGET_NAME)";
				SWIFT_VERSION = 4.0;
				TARGETED_DEVICE_FAMILY = "1,2";
			};
			name = Release;
		};
		F5F5C97B1F5A7EF900BCC247 /* Debug */ = {
			isa = XCBuildConfiguration;
			baseConfigurationReference = D9DD8AA1E37660023C7703CC /* Pods-ConvertAllTests.debug.xcconfig */;
			buildSettings = {
				ALWAYS_EMBED_SWIFT_STANDARD_LIBRARIES = YES;
				BUNDLE_LOADER = "$(TEST_HOST)";
				INFOPLIST_FILE = ConvertAllTests/Info.plist;
				LD_RUNPATH_SEARCH_PATHS = "$(inherited) @executable_path/Frameworks @loader_path/Frameworks";
				PRODUCT_BUNDLE_IDENTIFIER = com.irteza.ConvertAllTests;
				PRODUCT_NAME = "$(TARGET_NAME)";
				SWIFT_VERSION = 4.0;
				TARGETED_DEVICE_FAMILY = "1,2";
				TEST_HOST = "$(BUILT_PRODUCTS_DIR)/ConvertAll.app/ConvertAll";
			};
			name = Debug;
		};
		F5F5C97C1F5A7EF900BCC247 /* Release */ = {
			isa = XCBuildConfiguration;
			baseConfigurationReference = 6E382D1A9517F57A0561683E /* Pods-ConvertAllTests.release.xcconfig */;
			buildSettings = {
				ALWAYS_EMBED_SWIFT_STANDARD_LIBRARIES = YES;
				BUNDLE_LOADER = "$(TEST_HOST)";
				INFOPLIST_FILE = ConvertAllTests/Info.plist;
				LD_RUNPATH_SEARCH_PATHS = "$(inherited) @executable_path/Frameworks @loader_path/Frameworks";
				PRODUCT_BUNDLE_IDENTIFIER = com.irteza.ConvertAllTests;
				PRODUCT_NAME = "$(TARGET_NAME)";
				SWIFT_VERSION = 4.0;
				TARGETED_DEVICE_FAMILY = "1,2";
				TEST_HOST = "$(BUILT_PRODUCTS_DIR)/ConvertAll.app/ConvertAll";
			};
			name = Release;
		};
/* End XCBuildConfiguration section */

/* Begin XCConfigurationList section */
		F5F5C9551F5A7EF800BCC247 /* Build configuration list for PBXProject "ConvertAll" */ = {
			isa = XCConfigurationList;
			buildConfigurations = (
				F5F5C9751F5A7EF900BCC247 /* Debug */,
				F5F5C9761F5A7EF900BCC247 /* Release */,
			);
			defaultConfigurationIsVisible = 0;
			defaultConfigurationName = Release;
		};
		F5F5C9771F5A7EF900BCC247 /* Build configuration list for PBXNativeTarget "ConvertAll" */ = {
			isa = XCConfigurationList;
			buildConfigurations = (
				F5F5C9781F5A7EF900BCC247 /* Debug */,
				F5F5C9791F5A7EF900BCC247 /* Release */,
			);
			defaultConfigurationIsVisible = 0;
			defaultConfigurationName = Release;
		};
		F5F5C97A1F5A7EF900BCC247 /* Build configuration list for PBXNativeTarget "ConvertAllTests" */ = {
			isa = XCConfigurationList;
			buildConfigurations = (
				F5F5C97B1F5A7EF900BCC247 /* Debug */,
				F5F5C97C1F5A7EF900BCC247 /* Release */,
			);
			defaultConfigurationIsVisible = 0;
			defaultConfigurationName = Release;
		};
/* End XCConfigurationList section */
	};
	rootObject = F5F5C9521F5A7EF800BCC247 /* Project object */;
}
